dependencies:
- condition: ""
  enabled: false
  import-values: null
  name: zookeeper
  repository: https://s3.amazonaws.com/charts.pyroclast.io
  tags: null
  version: 0.0.1
digest: sha256:c2abf455a639c04c386969064fa831ba168ebd0da4b54fb922a5d926a27ff9eb
generated: 2017-04-25T19:29:38.067027535-04:00
