dependencies:
- condition: ""
  enabled: false
  import-values: null
  name: zookeeper
  repository: https://s3.amazonaws.com/charts.pyroclast.io
  tags: null
  version: 0.0.2
digest: sha256:f1595509102978c9f13224e6c4c3ab1947c24bf18e6495f79462cdb8cd20a91f
generated: 2017-04-26T10:54:54.278286338-04:00
