dependencies:
- condition: ""
  enabled: false
  import-values: null
  name: zookeeper
  repository: https://s3.amazonaws.com/charts.pyroclast.io
  tags: null
  version: 0.0.4
digest: sha256:1ec54d375ea55a9afdc52e352a350bd4b57d8080275ac9279efcc8aa7a92abe3
generated: 2017-04-26T11:49:06.168661309-04:00
